// !$*UTF8*$!
{
	archiveVersion = 1;
	classes = {
	};
	objectVersion = 56;
	objects = {

/* Begin PBXBuildFile section */
		DF1684D22B7900AE00C39455 /* main.cpp in Sources */ = {isa = PBXBuildFile; fileRef = DF1684D12B7900AE00C39455 /* main.cpp */; };
		DF1684DE2B793E0C00C39455 /* dtss_simulator.cpp in Sources */ = {isa = PBXBuildFile; fileRef = DF1684DC2B793E0C00C39455 /* dtss_simulator.cpp */; };
		DF1684E52B7B9A9C00C39455 /* product.cpp in Sources */ = {isa = PBXBuildFile; fileRef = DF1684E32B7B9A9C00C39455 /* product.cpp */; };
		DF1684E92B7B9D3E00C39455 /* connector.cpp in Sources */ = {isa = PBXBuildFile; fileRef = DF1684E72B7B9D3E00C39455 /* connector.cpp */; };
		DF1684EC2B7B9DCC00C39455 /* node.cpp in Sources */ = {isa = PBXBuildFile; fileRef = DF1684EA2B7B9DCC00C39455 /* node.cpp */; };
		DF1684EF2B7BA14400C39455 /* dess_simulator.cpp in Sources */ = {isa = PBXBuildFile; fileRef = DF1684ED2B7BA14400C39455 /* dess_simulator.cpp */; };
		DF1684F62B7BA47600C39455 /* product_movement_event.cpp in Sources */ = {isa = PBXBuildFile; fileRef = DF1684F42B7BA47600C39455 /* product_movement_event.cpp */; };
		DF1685032B7BDF1300C39455 /* imgui_tables.cpp in Sources */ = {isa = PBXBuildFile; fileRef = DF1684FA2B7BDF1200C39455 /* imgui_tables.cpp */; };
		DF1685042B7BDF1300C39455 /* imgui_demo.cpp in Sources */ = {isa = PBXBuildFile; fileRef = DF1684FB2B7BDF1200C39455 /* imgui_demo.cpp */; };
		DF1685052B7BDF1300C39455 /* imgui_widgets.cpp in Sources */ = {isa = PBXBuildFile; fileRef = DF1684FC2B7BDF1200C39455 /* imgui_widgets.cpp */; };
		DF1685062B7BDF1300C39455 /* imgui_draw.cpp in Sources */ = {isa = PBXBuildFile; fileRef = DF1684FD2B7BDF1200C39455 /* imgui_draw.cpp */; };
		DF1685072B7BDF1300C39455 /* imgui.cpp in Sources */ = {isa = PBXBuildFile; fileRef = DF1685002B7BDF1300C39455 /* imgui.cpp */; };
		DF16850A2B7BDF2A00C39455 /* imgui_impl_glfw.cpp in Sources */ = {isa = PBXBuildFile; fileRef = DF1685082B7BDF2A00C39455 /* imgui_impl_glfw.cpp */; };
		DF16851E2B7BEDB300C39455 /* OpenGL.framework in Frameworks */ = {isa = PBXBuildFile; fileRef = DF1685162B7BE67600C39455 /* OpenGL.framework */; };
		DF1685202B7BEE4E00C39455 /* libglfw.3.3.dylib in Frameworks */ = {isa = PBXBuildFile; fileRef = DF16851F2B7BEE4E00C39455 /* libglfw.3.3.dylib */; };
		DF1685232B7BF31C00C39455 /* App.cpp in Sources */ = {isa = PBXBuildFile; fileRef = DF1685212B7BF31C00C39455 /* App.cpp */; };
		DF16853D2B7E1A3F00C39455 /* imnodes.cpp in Sources */ = {isa = PBXBuildFile; fileRef = DF16853C2B7E1A3F00C39455 /* imnodes.cpp */; };
		DF1685402B7E1AAC00C39455 /* NodeEditorPanel.cpp in Sources */ = {isa = PBXBuildFile; fileRef = DF16853E2B7E1AAC00C39455 /* NodeEditorPanel.cpp */; };
		DF1685472B7E1BA400C39455 /* imgui_impl_opengl2.cpp in Sources */ = {isa = PBXBuildFile; fileRef = DF1685462B7E1BA400C39455 /* imgui_impl_opengl2.cpp */; };
		DF1685512B7E3AF600C39455 /* gui_link.cpp in Sources */ = {isa = PBXBuildFile; fileRef = DF16854F2B7E3AF600C39455 /* gui_link.cpp */; };
		DF1685542B7E3BBB00C39455 /* gui_node.cpp in Sources */ = {isa = PBXBuildFile; fileRef = DF1685522B7E3BBB00C39455 /* gui_node.cpp */; };
		DF1685572B7E3D5800C39455 /* gui_node_input.cpp in Sources */ = {isa = PBXBuildFile; fileRef = DF1685552B7E3D5800C39455 /* gui_node_input.cpp */; };
		DF16855A2B7E3DAA00C39455 /* gui_node_output.cpp in Sources */ = {isa = PBXBuildFile; fileRef = DF1685582B7E3DAA00C39455 /* gui_node_output.cpp */; };
		DF1685612B7F7A6100C39455 /* Window.cpp in Sources */ = {isa = PBXBuildFile; fileRef = DF16855F2B7F7A6100C39455 /* Window.cpp */; };
		DF1685642B7F7E6D00C39455 /* EditorLayer.cpp in Sources */ = {isa = PBXBuildFile; fileRef = DF1685622B7F7E6D00C39455 /* EditorLayer.cpp */; };
		DF1685672B7F803800C39455 /* LayerStack.cpp in Sources */ = {isa = PBXBuildFile; fileRef = DF1685652B7F803800C39455 /* LayerStack.cpp */; };
		DF16856A2B7F804A00C39455 /* Layer.cpp in Sources */ = {isa = PBXBuildFile; fileRef = DF1685682B7F804A00C39455 /* Layer.cpp */; };
		DF16856D2B7F835A00C39455 /* ImGuiLayer.cpp in Sources */ = {isa = PBXBuildFile; fileRef = DF16856B2B7F835A00C39455 /* ImGuiLayer.cpp */; };
		DF1685A32B811E5F00C39455 /* PLSimApp.cpp in Sources */ = {isa = PBXBuildFile; fileRef = DF1685A12B811E5F00C39455 /* PLSimApp.cpp */; };
		DF1685A62B8124C100C39455 /* PLSimWindow.cpp in Sources */ = {isa = PBXBuildFile; fileRef = DF1685A42B8124C100C39455 /* PLSimWindow.cpp */; };
		DF544BA72B87762700DB9568 /* Project.cpp in Sources */ = {isa = PBXBuildFile; fileRef = DF544BA52B87762700DB9568 /* Project.cpp */; };
		DF544BAA2B87764A00DB9568 /* ProjectSerialiser.cpp in Sources */ = {isa = PBXBuildFile; fileRef = DF544BA82B87764A00DB9568 /* ProjectSerialiser.cpp */; };
		DF544BB12B8776E600DB9568 /* HierarchyPanel.cpp in Sources */ = {isa = PBXBuildFile; fileRef = DF544BAF2B8776E600DB9568 /* HierarchyPanel.cpp */; };
		DF544BB42B8777DB00DB9568 /* InspectionPanel.cpp in Sources */ = {isa = PBXBuildFile; fileRef = DF544BB22B8777DB00DB9568 /* InspectionPanel.cpp */; };
		DFAF228E2B8519EF00410DAA /* Scene.cpp in Sources */ = {isa = PBXBuildFile; fileRef = DFAF228C2B8519EF00410DAA /* Scene.cpp */; };
		DFE9F6F42B90C96400A39FAE /* Entity.cpp in Sources */ = {isa = PBXBuildFile; fileRef = DFE9F6F22B90C96400A39FAE /* Entity.cpp */; };
/* End PBXBuildFile section */

/* Begin PBXCopyFilesBuildPhase section */
		DF1684CC2B7900AE00C39455 /* CopyFiles */ = {
			isa = PBXCopyFilesBuildPhase;
			buildActionMask = 2147483647;
			dstPath = /usr/share/man/man1/;
			dstSubfolderSpec = 0;
			files = (
			);
			runOnlyForDeploymentPostprocessing = 1;
		};
/* End PBXCopyFilesBuildPhase section */

/* Begin PBXFileReference section */
		DF1684CE2B7900AE00C39455 /* PLSim */ = {isa = PBXFileReference; explicitFileType = "compiled.mach-o.executable"; includeInIndex = 0; path = PLSim; sourceTree = BUILT_PRODUCTS_DIR; };
		DF1684D12B7900AE00C39455 /* main.cpp */ = {isa = PBXFileReference; lastKnownFileType = sourcecode.cpp.cpp; path = main.cpp; sourceTree = "<group>"; };
		DF1684DA2B793A9200C39455 /* bag.h */ = {isa = PBXFileReference; lastKnownFileType = sourcecode.c.h; path = bag.h; sourceTree = "<group>"; };
		DF1684DB2B793C2000C39455 /* atomic.h */ = {isa = PBXFileReference; lastKnownFileType = sourcecode.c.h; path = atomic.h; sourceTree = "<group>"; };
		DF1684DC2B793E0C00C39455 /* dtss_simulator.cpp */ = {isa = PBXFileReference; lastKnownFileType = sourcecode.cpp.cpp; path = dtss_simulator.cpp; sourceTree = "<group>"; };
		DF1684DD2B793E0C00C39455 /* dtss_simulator.hpp */ = {isa = PBXFileReference; lastKnownFileType = sourcecode.cpp.h; path = dtss_simulator.hpp; sourceTree = "<group>"; };
		DF1684DF2B79443C00C39455 /* event_listener.h */ = {isa = PBXFileReference; lastKnownFileType = sourcecode.c.h; path = event_listener.h; sourceTree = "<group>"; };
		DF1684E12B794BCE00C39455 /* MyAtomicModel.h */ = {isa = PBXFileReference; lastKnownFileType = sourcecode.c.h; path = MyAtomicModel.h; sourceTree = "<group>"; };
		DF1684E22B794DE500C39455 /* MyEventListener.h */ = {isa = PBXFileReference; lastKnownFileType = sourcecode.c.h; path = MyEventListener.h; sourceTree = "<group>"; };
		DF1684E32B7B9A9C00C39455 /* product.cpp */ = {isa = PBXFileReference; lastKnownFileType = sourcecode.cpp.cpp; path = product.cpp; sourceTree = "<group>"; };
		DF1684E42B7B9A9C00C39455 /* product.hpp */ = {isa = PBXFileReference; lastKnownFileType = sourcecode.cpp.h; path = product.hpp; sourceTree = "<group>"; };
		DF1684E72B7B9D3E00C39455 /* connector.cpp */ = {isa = PBXFileReference; lastKnownFileType = sourcecode.cpp.cpp; path = connector.cpp; sourceTree = "<group>"; };
		DF1684E82B7B9D3E00C39455 /* connector.hpp */ = {isa = PBXFileReference; lastKnownFileType = sourcecode.cpp.h; path = connector.hpp; sourceTree = "<group>"; };
		DF1684EA2B7B9DCC00C39455 /* node.cpp */ = {isa = PBXFileReference; lastKnownFileType = sourcecode.cpp.cpp; path = node.cpp; sourceTree = "<group>"; };
		DF1684EB2B7B9DCC00C39455 /* node.hpp */ = {isa = PBXFileReference; lastKnownFileType = sourcecode.cpp.h; path = node.hpp; sourceTree = "<group>"; };
		DF1684ED2B7BA14400C39455 /* dess_simulator.cpp */ = {isa = PBXFileReference; lastKnownFileType = sourcecode.cpp.cpp; path = dess_simulator.cpp; sourceTree = "<group>"; };
		DF1684EE2B7BA14400C39455 /* dess_simulator.hpp */ = {isa = PBXFileReference; lastKnownFileType = sourcecode.cpp.h; path = dess_simulator.hpp; sourceTree = "<group>"; };
		DF1684F12B7BA20500C39455 /* event.hpp */ = {isa = PBXFileReference; lastKnownFileType = sourcecode.cpp.h; path = event.hpp; sourceTree = "<group>"; };
		DF1684F42B7BA47600C39455 /* product_movement_event.cpp */ = {isa = PBXFileReference; lastKnownFileType = sourcecode.cpp.cpp; path = product_movement_event.cpp; sourceTree = "<group>"; };
		DF1684F52B7BA47600C39455 /* product_movement_event.hpp */ = {isa = PBXFileReference; lastKnownFileType = sourcecode.cpp.h; path = product_movement_event.hpp; sourceTree = "<group>"; };
		DF1684F82B7BDF1200C39455 /* imstb_textedit.h */ = {isa = PBXFileReference; fileEncoding = 4; lastKnownFileType = sourcecode.c.h; path = imstb_textedit.h; sourceTree = "<group>"; };
		DF1684F92B7BDF1200C39455 /* imgui_internal.h */ = {isa = PBXFileReference; fileEncoding = 4; lastKnownFileType = sourcecode.c.h; path = imgui_internal.h; sourceTree = "<group>"; };
		DF1684FA2B7BDF1200C39455 /* imgui_tables.cpp */ = {isa = PBXFileReference; fileEncoding = 4; lastKnownFileType = sourcecode.cpp.cpp; path = imgui_tables.cpp; sourceTree = "<group>"; };
		DF1684FB2B7BDF1200C39455 /* imgui_demo.cpp */ = {isa = PBXFileReference; fileEncoding = 4; lastKnownFileType = sourcecode.cpp.cpp; path = imgui_demo.cpp; sourceTree = "<group>"; };
		DF1684FC2B7BDF1200C39455 /* imgui_widgets.cpp */ = {isa = PBXFileReference; fileEncoding = 4; lastKnownFileType = sourcecode.cpp.cpp; path = imgui_widgets.cpp; sourceTree = "<group>"; };
		DF1684FD2B7BDF1200C39455 /* imgui_draw.cpp */ = {isa = PBXFileReference; fileEncoding = 4; lastKnownFileType = sourcecode.cpp.cpp; path = imgui_draw.cpp; sourceTree = "<group>"; };
		DF1684FE2B7BDF1200C39455 /* imstb_rectpack.h */ = {isa = PBXFileReference; fileEncoding = 4; lastKnownFileType = sourcecode.c.h; path = imstb_rectpack.h; sourceTree = "<group>"; };
		DF1684FF2B7BDF1300C39455 /* imconfig.h */ = {isa = PBXFileReference; fileEncoding = 4; lastKnownFileType = sourcecode.c.h; path = imconfig.h; sourceTree = "<group>"; };
		DF1685002B7BDF1300C39455 /* imgui.cpp */ = {isa = PBXFileReference; fileEncoding = 4; lastKnownFileType = sourcecode.cpp.cpp; path = imgui.cpp; sourceTree = "<group>"; };
		DF1685012B7BDF1300C39455 /* imgui.h */ = {isa = PBXFileReference; fileEncoding = 4; lastKnownFileType = sourcecode.c.h; path = imgui.h; sourceTree = "<group>"; };
		DF1685022B7BDF1300C39455 /* imstb_truetype.h */ = {isa = PBXFileReference; fileEncoding = 4; lastKnownFileType = sourcecode.c.h; path = imstb_truetype.h; sourceTree = "<group>"; };
		DF1685082B7BDF2A00C39455 /* imgui_impl_glfw.cpp */ = {isa = PBXFileReference; fileEncoding = 4; lastKnownFileType = sourcecode.cpp.cpp; path = imgui_impl_glfw.cpp; sourceTree = "<group>"; };
		DF1685092B7BDF2A00C39455 /* imgui_impl_glfw.h */ = {isa = PBXFileReference; fileEncoding = 4; lastKnownFileType = sourcecode.c.h; path = imgui_impl_glfw.h; sourceTree = "<group>"; };
		DF1685162B7BE67600C39455 /* OpenGL.framework */ = {isa = PBXFileReference; lastKnownFileType = wrapper.framework; name = OpenGL.framework; path = System/Library/Frameworks/OpenGL.framework; sourceTree = SDKROOT; };
		DF1685182B7BE70C00C39455 /* GLUT.framework */ = {isa = PBXFileReference; lastKnownFileType = wrapper.framework; name = GLUT.framework; path = System/Library/Frameworks/GLUT.framework; sourceTree = SDKROOT; };
		DF16851F2B7BEE4E00C39455 /* libglfw.3.3.dylib */ = {isa = PBXFileReference; lastKnownFileType = "compiled.mach-o.dylib"; name = libglfw.3.3.dylib; path = ../../../../../usr/local/Cellar/glfw/3.3.9/lib/libglfw.3.3.dylib; sourceTree = "<group>"; };
		DF1685212B7BF31C00C39455 /* App.cpp */ = {isa = PBXFileReference; lastKnownFileType = sourcecode.cpp.cpp; path = App.cpp; sourceTree = "<group>"; };
		DF1685222B7BF31C00C39455 /* App.hpp */ = {isa = PBXFileReference; lastKnownFileType = sourcecode.cpp.h; path = App.hpp; sourceTree = "<group>"; };
		DF16853A2B7E1A3F00C39455 /* imnodes_internal.h */ = {isa = PBXFileReference; fileEncoding = 4; lastKnownFileType = sourcecode.c.h; name = imnodes_internal.h; path = "../../../../imnodes-master/imnodes_internal.h"; sourceTree = "<group>"; };
		DF16853B2B7E1A3F00C39455 /* imnodes.h */ = {isa = PBXFileReference; fileEncoding = 4; lastKnownFileType = sourcecode.c.h; name = imnodes.h; path = "../../../../imnodes-master/imnodes.h"; sourceTree = "<group>"; };
		DF16853C2B7E1A3F00C39455 /* imnodes.cpp */ = {isa = PBXFileReference; fileEncoding = 4; lastKnownFileType = sourcecode.cpp.cpp; name = imnodes.cpp; path = "../../../../imnodes-master/imnodes.cpp"; sourceTree = "<group>"; };
		DF16853E2B7E1AAC00C39455 /* NodeEditorPanel.cpp */ = {isa = PBXFileReference; lastKnownFileType = sourcecode.cpp.cpp; path = NodeEditorPanel.cpp; sourceTree = "<group>"; };
		DF16853F2B7E1AAC00C39455 /* NodeEditorPanel.hpp */ = {isa = PBXFileReference; lastKnownFileType = sourcecode.cpp.h; path = NodeEditorPanel.hpp; sourceTree = "<group>"; };
		DF1685452B7E1BA400C39455 /* imgui_impl_opengl2.h */ = {isa = PBXFileReference; fileEncoding = 4; lastKnownFileType = sourcecode.c.h; name = imgui_impl_opengl2.h; path = "../../../../imgui-master/backends/imgui_impl_opengl2.h"; sourceTree = "<group>"; };
		DF1685462B7E1BA400C39455 /* imgui_impl_opengl2.cpp */ = {isa = PBXFileReference; fileEncoding = 4; lastKnownFileType = sourcecode.cpp.cpp; name = imgui_impl_opengl2.cpp; path = "../../../../imgui-master/backends/imgui_impl_opengl2.cpp"; sourceTree = "<group>"; };
		DF16854F2B7E3AF600C39455 /* gui_link.cpp */ = {isa = PBXFileReference; lastKnownFileType = sourcecode.cpp.cpp; path = gui_link.cpp; sourceTree = "<group>"; };
		DF1685502B7E3AF600C39455 /* gui_link.hpp */ = {isa = PBXFileReference; lastKnownFileType = sourcecode.cpp.h; path = gui_link.hpp; sourceTree = "<group>"; };
		DF1685522B7E3BBB00C39455 /* gui_node.cpp */ = {isa = PBXFileReference; lastKnownFileType = sourcecode.cpp.cpp; path = gui_node.cpp; sourceTree = "<group>"; };
		DF1685532B7E3BBB00C39455 /* gui_node.hpp */ = {isa = PBXFileReference; lastKnownFileType = sourcecode.cpp.h; path = gui_node.hpp; sourceTree = "<group>"; };
		DF1685552B7E3D5800C39455 /* gui_node_input.cpp */ = {isa = PBXFileReference; lastKnownFileType = sourcecode.cpp.cpp; path = gui_node_input.cpp; sourceTree = "<group>"; };
		DF1685562B7E3D5800C39455 /* gui_node_input.hpp */ = {isa = PBXFileReference; lastKnownFileType = sourcecode.cpp.h; path = gui_node_input.hpp; sourceTree = "<group>"; };
		DF1685582B7E3DAA00C39455 /* gui_node_output.cpp */ = {isa = PBXFileReference; lastKnownFileType = sourcecode.cpp.cpp; path = gui_node_output.cpp; sourceTree = "<group>"; };
		DF1685592B7E3DAA00C39455 /* gui_node_output.hpp */ = {isa = PBXFileReference; lastKnownFileType = sourcecode.cpp.h; path = gui_node_output.hpp; sourceTree = "<group>"; };
		DF16855F2B7F7A6100C39455 /* Window.cpp */ = {isa = PBXFileReference; lastKnownFileType = sourcecode.cpp.cpp; path = Window.cpp; sourceTree = "<group>"; };
		DF1685602B7F7A6100C39455 /* Window.hpp */ = {isa = PBXFileReference; lastKnownFileType = sourcecode.cpp.h; path = Window.hpp; sourceTree = "<group>"; };
		DF1685622B7F7E6D00C39455 /* EditorLayer.cpp */ = {isa = PBXFileReference; lastKnownFileType = sourcecode.cpp.cpp; path = EditorLayer.cpp; sourceTree = "<group>"; };
		DF1685632B7F7E6D00C39455 /* EditorLayer.hpp */ = {isa = PBXFileReference; lastKnownFileType = sourcecode.cpp.h; path = EditorLayer.hpp; sourceTree = "<group>"; };
		DF1685652B7F803800C39455 /* LayerStack.cpp */ = {isa = PBXFileReference; lastKnownFileType = sourcecode.cpp.cpp; path = LayerStack.cpp; sourceTree = "<group>"; };
		DF1685662B7F803800C39455 /* LayerStack.hpp */ = {isa = PBXFileReference; lastKnownFileType = sourcecode.cpp.h; path = LayerStack.hpp; sourceTree = "<group>"; };
		DF1685682B7F804A00C39455 /* Layer.cpp */ = {isa = PBXFileReference; lastKnownFileType = sourcecode.cpp.cpp; path = Layer.cpp; sourceTree = "<group>"; };
		DF1685692B7F804A00C39455 /* Layer.hpp */ = {isa = PBXFileReference; lastKnownFileType = sourcecode.cpp.h; path = Layer.hpp; sourceTree = "<group>"; };
		DF16856B2B7F835A00C39455 /* ImGuiLayer.cpp */ = {isa = PBXFileReference; lastKnownFileType = sourcecode.cpp.cpp; path = ImGuiLayer.cpp; sourceTree = "<group>"; };
		DF16856C2B7F835A00C39455 /* ImGuiLayer.hpp */ = {isa = PBXFileReference; lastKnownFileType = sourcecode.cpp.h; path = ImGuiLayer.hpp; sourceTree = "<group>"; };
		DF16859E2B7FDB0200C39455 /* OpenSans-Bold.ttf */ = {isa = PBXFileReference; lastKnownFileType = file; path = "OpenSans-Bold.ttf"; sourceTree = "<group>"; };
		DF16859F2B7FDD8E00C39455 /* OpenSans-Regular.ttf */ = {isa = PBXFileReference; lastKnownFileType = file; path = "OpenSans-Regular.ttf"; sourceTree = "<group>"; };
		DF1685A12B811E5F00C39455 /* PLSimApp.cpp */ = {isa = PBXFileReference; lastKnownFileType = sourcecode.cpp.cpp; path = PLSimApp.cpp; sourceTree = "<group>"; };
		DF1685A22B811E5F00C39455 /* PLSimApp.hpp */ = {isa = PBXFileReference; lastKnownFileType = sourcecode.cpp.h; path = PLSimApp.hpp; sourceTree = "<group>"; };
		DF1685A42B8124C100C39455 /* PLSimWindow.cpp */ = {isa = PBXFileReference; lastKnownFileType = sourcecode.cpp.cpp; path = PLSimWindow.cpp; sourceTree = "<group>"; };
		DF1685A52B8124C100C39455 /* PLSimWindow.hpp */ = {isa = PBXFileReference; lastKnownFileType = sourcecode.cpp.h; path = PLSimWindow.hpp; sourceTree = "<group>"; };
		DF1685A92B82585F00C39455 /* IconsMaterialDesignIcons.h */ = {isa = PBXFileReference; lastKnownFileType = sourcecode.c.h; path = IconsMaterialDesignIcons.h; sourceTree = "<group>"; };
		DF1685AA2B825BAF00C39455 /* materialdesignicons-webfont.ttf */ = {isa = PBXFileReference; lastKnownFileType = file; path = "materialdesignicons-webfont.ttf"; sourceTree = "<group>"; };
		DF544BA52B87762700DB9568 /* Project.cpp */ = {isa = PBXFileReference; lastKnownFileType = sourcecode.cpp.cpp; path = Project.cpp; sourceTree = "<group>"; };
		DF544BA62B87762700DB9568 /* Project.hpp */ = {isa = PBXFileReference; lastKnownFileType = sourcecode.cpp.h; path = Project.hpp; sourceTree = "<group>"; };
		DF544BA82B87764A00DB9568 /* ProjectSerialiser.cpp */ = {isa = PBXFileReference; lastKnownFileType = sourcecode.cpp.cpp; path = ProjectSerialiser.cpp; sourceTree = "<group>"; };
		DF544BA92B87764A00DB9568 /* ProjectSerialiser.hpp */ = {isa = PBXFileReference; lastKnownFileType = sourcecode.cpp.h; path = ProjectSerialiser.hpp; sourceTree = "<group>"; };
		DF544BAF2B8776E600DB9568 /* HierarchyPanel.cpp */ = {isa = PBXFileReference; lastKnownFileType = sourcecode.cpp.cpp; path = HierarchyPanel.cpp; sourceTree = "<group>"; };
		DF544BB02B8776E600DB9568 /* HierarchyPanel.hpp */ = {isa = PBXFileReference; lastKnownFileType = sourcecode.cpp.h; path = HierarchyPanel.hpp; sourceTree = "<group>"; };
		DF544BB22B8777DB00DB9568 /* InspectionPanel.cpp */ = {isa = PBXFileReference; lastKnownFileType = sourcecode.cpp.cpp; path = InspectionPanel.cpp; sourceTree = "<group>"; };
		DF544BB32B8777DB00DB9568 /* InspectionPanel.hpp */ = {isa = PBXFileReference; lastKnownFileType = sourcecode.cpp.h; path = InspectionPanel.hpp; sourceTree = "<group>"; };
		DFAF228C2B8519EF00410DAA /* Scene.cpp */ = {isa = PBXFileReference; lastKnownFileType = sourcecode.cpp.cpp; path = Scene.cpp; sourceTree = "<group>"; };
		DFAF228D2B8519EF00410DAA /* Scene.hpp */ = {isa = PBXFileReference; lastKnownFileType = sourcecode.cpp.h; path = Scene.hpp; sourceTree = "<group>"; };
		DFE9F6F22B90C96400A39FAE /* Entity.cpp */ = {isa = PBXFileReference; lastKnownFileType = sourcecode.cpp.cpp; path = Entity.cpp; sourceTree = "<group>"; };
		DFE9F6F32B90C96400A39FAE /* Entity.hpp */ = {isa = PBXFileReference; lastKnownFileType = sourcecode.cpp.h; path = Entity.hpp; sourceTree = "<group>"; };
		DFE9F6F62B90D93800A39FAE /* TagComponent.h */ = {isa = PBXFileReference; lastKnownFileType = sourcecode.c.h; path = TagComponent.h; sourceTree = "<group>"; };
		DFE9F6F72B90DE1A00A39FAE /* TransformComponent.h */ = {isa = PBXFileReference; lastKnownFileType = sourcecode.c.h; path = TransformComponent.h; sourceTree = "<group>"; };
/* End PBXFileReference section */

/* Begin PBXFrameworksBuildPhase section */
		DF1684CB2B7900AE00C39455 /* Frameworks */ = {
			isa = PBXFrameworksBuildPhase;
			buildActionMask = 2147483647;
			files = (
				DF1685202B7BEE4E00C39455 /* libglfw.3.3.dylib in Frameworks */,
				DF16851E2B7BEDB300C39455 /* OpenGL.framework in Frameworks */,
			);
			runOnlyForDeploymentPostprocessing = 0;
		};
/* End PBXFrameworksBuildPhase section */

/* Begin PBXGroup section */
		DF1684C52B7900AE00C39455 = {
			isa = PBXGroup;
			children = (
				DF1684D02B7900AE00C39455 /* PLSim */,
				DF1684CF2B7900AE00C39455 /* Products */,
				DF1685152B7BE67500C39455 /* Frameworks */,
			);
			sourceTree = "<group>";
		};
		DF1684CF2B7900AE00C39455 /* Products */ = {
			isa = PBXGroup;
			children = (
				DF1684CE2B7900AE00C39455 /* PLSim */,
			);
			name = Products;
			sourceTree = "<group>";
		};
		DF1684D02B7900AE00C39455 /* PLSim */ = {
			isa = PBXGroup;
			children = (
				DF16856F2B7FACE200C39455 /* Engine */,
				DF16856E2B7FACD800C39455 /* PLSim */,
				DF1685382B7E1A1400C39455 /* Packages */,
				DF1684D12B7900AE00C39455 /* main.cpp */,
			);
			path = PLSim;
			sourceTree = "<group>";
		};
		DF1684D82B7900E100C39455 /* dtss */ = {
			isa = PBXGroup;
			children = (
				DF1684E02B794BAE00C39455 /* Models */,
				DF1684DA2B793A9200C39455 /* bag.h */,
				DF1684DB2B793C2000C39455 /* atomic.h */,
				DF1684DC2B793E0C00C39455 /* dtss_simulator.cpp */,
				DF1684DD2B793E0C00C39455 /* dtss_simulator.hpp */,
				DF1684DF2B79443C00C39455 /* event_listener.h */,
			);
			path = dtss;
			sourceTree = "<group>";
		};
		DF1684E02B794BAE00C39455 /* Models */ = {
			isa = PBXGroup;
			children = (
				DF1684E12B794BCE00C39455 /* MyAtomicModel.h */,
				DF1684E22B794DE500C39455 /* MyEventListener.h */,
			);
			path = Models;
			sourceTree = "<group>";
		};
		DF1684E62B7B9AB100C39455 /* dess */ = {
			isa = PBXGroup;
			children = (
				DF1684F32B7BA43F00C39455 /* Events */,
				DF1684E32B7B9A9C00C39455 /* product.cpp */,
				DF1684E42B7B9A9C00C39455 /* product.hpp */,
				DF1684E72B7B9D3E00C39455 /* connector.cpp */,
				DF1684E82B7B9D3E00C39455 /* connector.hpp */,
				DF1684EA2B7B9DCC00C39455 /* node.cpp */,
				DF1684EB2B7B9DCC00C39455 /* node.hpp */,
				DF1684ED2B7BA14400C39455 /* dess_simulator.cpp */,
				DF1684EE2B7BA14400C39455 /* dess_simulator.hpp */,
			);
			path = dess;
			sourceTree = "<group>";
		};
		DF1684F32B7BA43F00C39455 /* Events */ = {
			isa = PBXGroup;
			children = (
				DF1684F12B7BA20500C39455 /* event.hpp */,
				DF1684F42B7BA47600C39455 /* product_movement_event.cpp */,
				DF1684F52B7BA47600C39455 /* product_movement_event.hpp */,
			);
			path = Events;
			sourceTree = "<group>";
		};
		DF1684F72B7BDD1200C39455 /* imgui */ = {
			isa = PBXGroup;
			children = (
				DF1685A92B82585F00C39455 /* IconsMaterialDesignIcons.h */,
				DF1685462B7E1BA400C39455 /* imgui_impl_opengl2.cpp */,
				DF1685452B7E1BA400C39455 /* imgui_impl_opengl2.h */,
				DF1685082B7BDF2A00C39455 /* imgui_impl_glfw.cpp */,
				DF1685092B7BDF2A00C39455 /* imgui_impl_glfw.h */,
				DF1684FF2B7BDF1300C39455 /* imconfig.h */,
				DF1684FB2B7BDF1200C39455 /* imgui_demo.cpp */,
				DF1684FD2B7BDF1200C39455 /* imgui_draw.cpp */,
				DF1684F92B7BDF1200C39455 /* imgui_internal.h */,
				DF1684FA2B7BDF1200C39455 /* imgui_tables.cpp */,
				DF1684FC2B7BDF1200C39455 /* imgui_widgets.cpp */,
				DF1685002B7BDF1300C39455 /* imgui.cpp */,
				DF1685012B7BDF1300C39455 /* imgui.h */,
				DF1684FE2B7BDF1200C39455 /* imstb_rectpack.h */,
				DF1684F82B7BDF1200C39455 /* imstb_textedit.h */,
				DF1685022B7BDF1300C39455 /* imstb_truetype.h */,
			);
			path = imgui;
			sourceTree = "<group>";
		};
		DF16850E2B7BE17A00C39455 /* gui */ = {
			isa = PBXGroup;
			children = (
				DF544BAB2B87769D00DB9568 /* Panels */,
				DF1685482B7E267200C39455 /* NodeEditor */,
				DF1685622B7F7E6D00C39455 /* EditorLayer.cpp */,
				DF1685632B7F7E6D00C39455 /* EditorLayer.hpp */,
			);
			path = gui;
			sourceTree = "<group>";
		};
		DF1685152B7BE67500C39455 /* Frameworks */ = {
			isa = PBXGroup;
			children = (
				DF16851F2B7BEE4E00C39455 /* libglfw.3.3.dylib */,
				DF1685182B7BE70C00C39455 /* GLUT.framework */,
				DF1685162B7BE67600C39455 /* OpenGL.framework */,
			);
			name = Frameworks;
			sourceTree = "<group>";
		};
		DF1685382B7E1A1400C39455 /* Packages */ = {
			isa = PBXGroup;
			children = (
			);
			path = Packages;
			sourceTree = "<group>";
		};
		DF1685392B7E1A2200C39455 /* imnode */ = {
			isa = PBXGroup;
			children = (
				DF16853A2B7E1A3F00C39455 /* imnodes_internal.h */,
				DF16853C2B7E1A3F00C39455 /* imnodes.cpp */,
				DF16853B2B7E1A3F00C39455 /* imnodes.h */,
			);
			path = imnode;
			sourceTree = "<group>";
		};
		DF1685482B7E267200C39455 /* NodeEditor */ = {
			isa = PBXGroup;
			children = (
				DF1685492B7E268800C39455 /* base_elements */,
			);
			path = NodeEditor;
			sourceTree = "<group>";
		};
		DF1685492B7E268800C39455 /* base_elements */ = {
			isa = PBXGroup;
			children = (
				DF1685522B7E3BBB00C39455 /* gui_node.cpp */,
				DF1685532B7E3BBB00C39455 /* gui_node.hpp */,
				DF16854F2B7E3AF600C39455 /* gui_link.cpp */,
				DF1685502B7E3AF600C39455 /* gui_link.hpp */,
				DF1685552B7E3D5800C39455 /* gui_node_input.cpp */,
				DF1685562B7E3D5800C39455 /* gui_node_input.hpp */,
				DF1685582B7E3DAA00C39455 /* gui_node_output.cpp */,
				DF1685592B7E3DAA00C39455 /* gui_node_output.hpp */,
			);
			path = base_elements;
			sourceTree = "<group>";
		};
		DF16855E2B7F7A2A00C39455 /* core */ = {
			isa = PBXGroup;
			children = (
				DF1685212B7BF31C00C39455 /* App.cpp */,
				DF1685222B7BF31C00C39455 /* App.hpp */,
				DF16855F2B7F7A6100C39455 /* Window.cpp */,
				DF1685602B7F7A6100C39455 /* Window.hpp */,
				DF1685652B7F803800C39455 /* LayerStack.cpp */,
				DF1685662B7F803800C39455 /* LayerStack.hpp */,
				DF1685682B7F804A00C39455 /* Layer.cpp */,
				DF1685692B7F804A00C39455 /* Layer.hpp */,
			);
			path = core;
			sourceTree = "<group>";
		};
		DF16856E2B7FACD800C39455 /* PLSim */ = {
			isa = PBXGroup;
			children = (
				DF1685A02B811E4C00C39455 /* src */,
				DF1685712B7FDA9900C39455 /* assets */,
				DF1684D82B7900E100C39455 /* dtss */,
				DF1684E62B7B9AB100C39455 /* dess */,
				DF16850E2B7BE17A00C39455 /* gui */,
			);
			path = PLSim;
			sourceTree = "<group>";
		};
		DF16856F2B7FACE200C39455 /* Engine */ = {
			isa = PBXGroup;
			children = (
				DF544BA42B87761400DB9568 /* Project */,
				DFAF228F2B8519F300410DAA /* Scene */,
				DF1685702B7FAD4E00C39455 /* gui */,
				DF1684F72B7BDD1200C39455 /* imgui */,
				DF1685392B7E1A2200C39455 /* imnode */,
				DF16855E2B7F7A2A00C39455 /* core */,
			);
			path = Engine;
			sourceTree = "<group>";
		};
		DF1685702B7FAD4E00C39455 /* gui */ = {
			isa = PBXGroup;
			children = (
				DF16856B2B7F835A00C39455 /* ImGuiLayer.cpp */,
				DF16856C2B7F835A00C39455 /* ImGuiLayer.hpp */,
			);
			path = gui;
			sourceTree = "<group>";
		};
		DF1685712B7FDA9900C39455 /* assets */ = {
			isa = PBXGroup;
			children = (
				DF1685722B7FDAA000C39455 /* fonts */,
			);
			path = assets;
			sourceTree = "<group>";
		};
		DF1685722B7FDAA000C39455 /* fonts */ = {
			isa = PBXGroup;
			children = (
				DF1685A72B8257FD00C39455 /* materialicons */,
				DF1685732B7FDAA700C39455 /* opensans */,
			);
			path = fonts;
			sourceTree = "<group>";
		};
		DF1685732B7FDAA700C39455 /* opensans */ = {
			isa = PBXGroup;
			children = (
				DF16859F2B7FDD8E00C39455 /* OpenSans-Regular.ttf */,
				DF16859E2B7FDB0200C39455 /* OpenSans-Bold.ttf */,
			);
			path = opensans;
			sourceTree = "<group>";
		};
		DF1685A02B811E4C00C39455 /* src */ = {
			isa = PBXGroup;
			children = (
				DF1685A12B811E5F00C39455 /* PLSimApp.cpp */,
				DF1685A22B811E5F00C39455 /* PLSimApp.hpp */,
				DF1685A42B8124C100C39455 /* PLSimWindow.cpp */,
				DF1685A52B8124C100C39455 /* PLSimWindow.hpp */,
			);
			path = src;
			sourceTree = "<group>";
		};
		DF1685A72B8257FD00C39455 /* materialicons */ = {
			isa = PBXGroup;
			children = (
				DF1685AA2B825BAF00C39455 /* materialdesignicons-webfont.ttf */,
			);
			path = materialicons;
			sourceTree = "<group>";
		};
		DF544BA42B87761400DB9568 /* Project */ = {
			isa = PBXGroup;
			children = (
				DF544BA52B87762700DB9568 /* Project.cpp */,
				DF544BA62B87762700DB9568 /* Project.hpp */,
				DF544BA82B87764A00DB9568 /* ProjectSerialiser.cpp */,
				DF544BA92B87764A00DB9568 /* ProjectSerialiser.hpp */,
			);
			path = Project;
			sourceTree = "<group>";
		};
		DF544BAB2B87769D00DB9568 /* Panels */ = {
			isa = PBXGroup;
			children = (
				DF16853E2B7E1AAC00C39455 /* NodeEditorPanel.cpp */,
				DF16853F2B7E1AAC00C39455 /* NodeEditorPanel.hpp */,
				DF544BAF2B8776E600DB9568 /* HierarchyPanel.cpp */,
				DF544BB02B8776E600DB9568 /* HierarchyPanel.hpp */,
				DF544BB22B8777DB00DB9568 /* InspectionPanel.cpp */,
				DF544BB32B8777DB00DB9568 /* InspectionPanel.hpp */,
			);
			path = Panels;
			sourceTree = "<group>";
		};
		DFAF228F2B8519F300410DAA /* Scene */ = {
			isa = PBXGroup;
			children = (
				DFE9F6F52B90D90900A39FAE /* Components */,
				DFAF228C2B8519EF00410DAA /* Scene.cpp */,
				DFAF228D2B8519EF00410DAA /* Scene.hpp */,
				DFE9F6F22B90C96400A39FAE /* Entity.cpp */,
				DFE9F6F32B90C96400A39FAE /* Entity.hpp */,
			);
			path = Scene;
			sourceTree = "<group>";
		};
		DFE9F6F52B90D90900A39FAE /* Components */ = {
			isa = PBXGroup;
			children = (
				DFE9F6F62B90D93800A39FAE /* TagComponent.h */,
				DFE9F6F72B90DE1A00A39FAE /* TransformComponent.h */,
			);
			path = Components;
			sourceTree = "<group>";
		};
/* End PBXGroup section */

/* Begin PBXNativeTarget section */
		DF1684CD2B7900AE00C39455 /* PLSim */ = {
			isa = PBXNativeTarget;
			buildConfigurationList = DF1684D52B7900AE00C39455 /* Build configuration list for PBXNativeTarget "PLSim" */;
			buildPhases = (
				DF1684CA2B7900AE00C39455 /* Sources */,
				DF1684CB2B7900AE00C39455 /* Frameworks */,
				DF1684CC2B7900AE00C39455 /* CopyFiles */,
			);
			buildRules = (
			);
			dependencies = (
			);
			name = PLSim;
			productName = PLSim;
			productReference = DF1684CE2B7900AE00C39455 /* PLSim */;
			productType = "com.apple.product-type.tool";
		};
/* End PBXNativeTarget section */

/* Begin PBXProject section */
		DF1684C62B7900AE00C39455 /* Project object */ = {
			isa = PBXProject;
			attributes = {
				BuildIndependentTargetsInParallel = 1;
				LastUpgradeCheck = 1430;
				TargetAttributes = {
					DF1684CD2B7900AE00C39455 = {
						CreatedOnToolsVersion = 14.3.1;
					};
				};
			};
			buildConfigurationList = DF1684C92B7900AE00C39455 /* Build configuration list for PBXProject "PLSim" */;
			compatibilityVersion = "Xcode 14.0";
			developmentRegion = en;
			hasScannedForEncodings = 0;
			knownRegions = (
				en,
				Base,
			);
			mainGroup = DF1684C52B7900AE00C39455;
			productRefGroup = DF1684CF2B7900AE00C39455 /* Products */;
			projectDirPath = "";
			projectRoot = "";
			targets = (
				DF1684CD2B7900AE00C39455 /* PLSim */,
			);
		};
/* End PBXProject section */

/* Begin PBXSourcesBuildPhase section */
		DF1684CA2B7900AE00C39455 /* Sources */ = {
			isa = PBXSourcesBuildPhase;
			buildActionMask = 2147483647;
			files = (
				DF1685572B7E3D5800C39455 /* gui_node_input.cpp in Sources */,
				DF1684DE2B793E0C00C39455 /* dtss_simulator.cpp in Sources */,
				DF1685A32B811E5F00C39455 /* PLSimApp.cpp in Sources */,
				DF1685542B7E3BBB00C39455 /* gui_node.cpp in Sources */,
				DF1684E92B7B9D3E00C39455 /* connector.cpp in Sources */,
				DF16853D2B7E1A3F00C39455 /* imnodes.cpp in Sources */,
				DF1684E52B7B9A9C00C39455 /* product.cpp in Sources */,
				DF544BA72B87762700DB9568 /* Project.cpp in Sources */,
				DF1685672B7F803800C39455 /* LayerStack.cpp in Sources */,
				DF544BB12B8776E600DB9568 /* HierarchyPanel.cpp in Sources */,
				DF1685052B7BDF1300C39455 /* imgui_widgets.cpp in Sources */,
				DF1684EC2B7B9DCC00C39455 /* node.cpp in Sources */,
				DF1685072B7BDF1300C39455 /* imgui.cpp in Sources */,
				DF1684D22B7900AE00C39455 /* main.cpp in Sources */,
				DFE9F6F42B90C96400A39FAE /* Entity.cpp in Sources */,
				DF16856A2B7F804A00C39455 /* Layer.cpp in Sources */,
				DF1685A62B8124C100C39455 /* PLSimWindow.cpp in Sources */,
				DF1685232B7BF31C00C39455 /* App.cpp in Sources */,
				DF544BAA2B87764A00DB9568 /* ProjectSerialiser.cpp in Sources */,
				DF16856D2B7F835A00C39455 /* ImGuiLayer.cpp in Sources */,
				DF1685062B7BDF1300C39455 /* imgui_draw.cpp in Sources */,
				DF1685512B7E3AF600C39455 /* gui_link.cpp in Sources */,
				DFAF228E2B8519EF00410DAA /* Scene.cpp in Sources */,
				DF544BB42B8777DB00DB9568 /* InspectionPanel.cpp in Sources */,
				DF16850A2B7BDF2A00C39455 /* imgui_impl_glfw.cpp in Sources */,
				DF1685612B7F7A6100C39455 /* Window.cpp in Sources */,
				DF1685402B7E1AAC00C39455 /* NodeEditorPanel.cpp in Sources */,
				DF1684F62B7BA47600C39455 /* product_movement_event.cpp in Sources */,
				DF1685032B7BDF1300C39455 /* imgui_tables.cpp in Sources */,
				DF1685472B7E1BA400C39455 /* imgui_impl_opengl2.cpp in Sources */,
				DF1684EF2B7BA14400C39455 /* dess_simulator.cpp in Sources */,
				DF16855A2B7E3DAA00C39455 /* gui_node_output.cpp in Sources */,
				DF1685042B7BDF1300C39455 /* imgui_demo.cpp in Sources */,
				DF1685642B7F7E6D00C39455 /* EditorLayer.cpp in Sources */,
			);
			runOnlyForDeploymentPostprocessing = 0;
		};
/* End PBXSourcesBuildPhase section */

/* Begin XCBuildConfiguration section */
		DF1684D32B7900AE00C39455 /* Debug */ = {
			isa = XCBuildConfiguration;
			buildSettings = {
				ALWAYS_SEARCH_USER_PATHS = NO;
				CLANG_ANALYZER_NONNULL = YES;
				CLANG_ANALYZER_NUMBER_OBJECT_CONVERSION = YES_AGGRESSIVE;
				CLANG_CXX_LANGUAGE_STANDARD = "gnu++20";
				CLANG_ENABLE_MODULES = YES;
				CLANG_ENABLE_OBJC_ARC = YES;
				CLANG_ENABLE_OBJC_WEAK = YES;
				CLANG_WARN_BLOCK_CAPTURE_AUTORELEASING = YES;
				CLANG_WARN_BOOL_CONVERSION = YES;
				CLANG_WARN_COMMA = YES;
				CLANG_WARN_CONSTANT_CONVERSION = YES;
				CLANG_WARN_DEPRECATED_OBJC_IMPLEMENTATIONS = YES;
				CLANG_WARN_DIRECT_OBJC_ISA_USAGE = YES_ERROR;
				CLANG_WARN_DOCUMENTATION_COMMENTS = YES;
				CLANG_WARN_EMPTY_BODY = YES;
				CLANG_WARN_ENUM_CONVERSION = YES;
				CLANG_WARN_INFINITE_RECURSION = YES;
				CLANG_WARN_INT_CONVERSION = YES;
				CLANG_WARN_NON_LITERAL_NULL_CONVERSION = YES;
				CLANG_WARN_OBJC_IMPLICIT_RETAIN_SELF = YES;
				CLANG_WARN_OBJC_LITERAL_CONVERSION = YES;
				CLANG_WARN_OBJC_ROOT_CLASS = YES_ERROR;
				CLANG_WARN_QUOTED_INCLUDE_IN_FRAMEWORK_HEADER = YES;
				CLANG_WARN_RANGE_LOOP_ANALYSIS = YES;
				CLANG_WARN_STRICT_PROTOTYPES = YES;
				CLANG_WARN_SUSPICIOUS_MOVE = YES;
				CLANG_WARN_UNGUARDED_AVAILABILITY = YES_AGGRESSIVE;
				CLANG_WARN_UNREACHABLE_CODE = YES;
				CLANG_WARN__DUPLICATE_METHOD_MATCH = YES;
				COPY_PHASE_STRIP = NO;
				DEBUG_INFORMATION_FORMAT = dwarf;
				ENABLE_STRICT_OBJC_MSGSEND = YES;
				ENABLE_TESTABILITY = YES;
				GCC_C_LANGUAGE_STANDARD = gnu11;
				GCC_DYNAMIC_NO_PIC = NO;
				GCC_NO_COMMON_BLOCKS = YES;
				GCC_OPTIMIZATION_LEVEL = 0;
				GCC_PREPROCESSOR_DEFINITIONS = (
					"DEBUG=1",
					"$(inherited)",
				);
				GCC_WARN_64_TO_32_BIT_CONVERSION = YES;
				GCC_WARN_ABOUT_RETURN_TYPE = YES_ERROR;
				GCC_WARN_UNDECLARED_SELECTOR = YES;
				GCC_WARN_UNINITIALIZED_AUTOS = YES_AGGRESSIVE;
				GCC_WARN_UNUSED_FUNCTION = YES;
				GCC_WARN_UNUSED_VARIABLE = YES;
				HEADER_SEARCH_PATHS = (
					/usr/local/Cellar/glfw/3.3.9/include,
					/usr/local/Cellar/sdl2/2.30.0/include,
					/usr/local/Cellar/entt/3.13.1/include,
				);
				MACOSX_DEPLOYMENT_TARGET = 13.3;
				MTL_ENABLE_DEBUG_INFO = INCLUDE_SOURCE;
				MTL_FAST_MATH = YES;
				ONLY_ACTIVE_ARCH = YES;
				SDKROOT = macosx;
			};
			name = Debug;
		};
		DF1684D42B7900AE00C39455 /* Release */ = {
			isa = XCBuildConfiguration;
			buildSettings = {
				ALWAYS_SEARCH_USER_PATHS = NO;
				CLANG_ANALYZER_NONNULL = YES;
				CLANG_ANALYZER_NUMBER_OBJECT_CONVERSION = YES_AGGRESSIVE;
				CLANG_CXX_LANGUAGE_STANDARD = "gnu++20";
				CLANG_ENABLE_MODULES = YES;
				CLANG_ENABLE_OBJC_ARC = YES;
				CLANG_ENABLE_OBJC_WEAK = YES;
				CLANG_WARN_BLOCK_CAPTURE_AUTORELEASING = YES;
				CLANG_WARN_BOOL_CONVERSION = YES;
				CLANG_WARN_COMMA = YES;
				CLANG_WARN_CONSTANT_CONVERSION = YES;
				CLANG_WARN_DEPRECATED_OBJC_IMPLEMENTATIONS = YES;
				CLANG_WARN_DIRECT_OBJC_ISA_USAGE = YES_ERROR;
				CLANG_WARN_DOCUMENTATION_COMMENTS = YES;
				CLANG_WARN_EMPTY_BODY = YES;
				CLANG_WARN_ENUM_CONVERSION = YES;
				CLANG_WARN_INFINITE_RECURSION = YES;
				CLANG_WARN_INT_CONVERSION = YES;
				CLANG_WARN_NON_LITERAL_NULL_CONVERSION = YES;
				CLANG_WARN_OBJC_IMPLICIT_RETAIN_SELF = YES;
				CLANG_WARN_OBJC_LITERAL_CONVERSION = YES;
				CLANG_WARN_OBJC_ROOT_CLASS = YES_ERROR;
				CLANG_WARN_QUOTED_INCLUDE_IN_FRAMEWORK_HEADER = YES;
				CLANG_WARN_RANGE_LOOP_ANALYSIS = YES;
				CLANG_WARN_STRICT_PROTOTYPES = YES;
				CLANG_WARN_SUSPICIOUS_MOVE = YES;
				CLANG_WARN_UNGUARDED_AVAILABILITY = YES_AGGRESSIVE;
				CLANG_WARN_UNREACHABLE_CODE = YES;
				CLANG_WARN__DUPLICATE_METHOD_MATCH = YES;
				COPY_PHASE_STRIP = NO;
				DEBUG_INFORMATION_FORMAT = "dwarf-with-dsym";
				ENABLE_NS_ASSERTIONS = NO;
				ENABLE_STRICT_OBJC_MSGSEND = YES;
				GCC_C_LANGUAGE_STANDARD = gnu11;
				GCC_NO_COMMON_BLOCKS = YES;
				GCC_WARN_64_TO_32_BIT_CONVERSION = YES;
				GCC_WARN_ABOUT_RETURN_TYPE = YES_ERROR;
				GCC_WARN_UNDECLARED_SELECTOR = YES;
				GCC_WARN_UNINITIALIZED_AUTOS = YES_AGGRESSIVE;
				GCC_WARN_UNUSED_FUNCTION = YES;
				GCC_WARN_UNUSED_VARIABLE = YES;
				HEADER_SEARCH_PATHS = (
					/usr/local/Cellar/glfw/3.3.9/include,
					/usr/local/Cellar/sdl2/2.30.0/include,
					/usr/local/Cellar/entt/3.13.1/include,
				);
				MACOSX_DEPLOYMENT_TARGET = 13.3;
				MTL_ENABLE_DEBUG_INFO = NO;
				MTL_FAST_MATH = YES;
				SDKROOT = macosx;
			};
			name = Release;
		};
		DF1684D62B7900AE00C39455 /* Debug */ = {
			isa = XCBuildConfiguration;
			buildSettings = {
				CODE_SIGN_STYLE = Automatic;
				LIBRARY_SEARCH_PATHS = (
					"$(inherited)",
					/usr/local/Cellar/glfw/3.3.9/lib,
				);
				PRODUCT_NAME = "$(TARGET_NAME)";
			};
			name = Debug;
		};
		DF1684D72B7900AE00C39455 /* Release */ = {
			isa = XCBuildConfiguration;
			buildSettings = {
				CODE_SIGN_STYLE = Automatic;
				LIBRARY_SEARCH_PATHS = (
					"$(inherited)",
					/usr/local/Cellar/glfw/3.3.9/lib,
				);
				PRODUCT_NAME = "$(TARGET_NAME)";
			};
			name = Release;
		};
/* End XCBuildConfiguration section */

/* Begin XCConfigurationList section */
		DF1684C92B7900AE00C39455 /* Build configuration list for PBXProject "PLSim" */ = {
			isa = XCConfigurationList;
			buildConfigurations = (
				DF1684D32B7900AE00C39455 /* Debug */,
				DF1684D42B7900AE00C39455 /* Release */,
			);
			defaultConfigurationIsVisible = 0;
			defaultConfigurationName = Release;
		};
		DF1684D52B7900AE00C39455 /* Build configuration list for PBXNativeTarget "PLSim" */ = {
			isa = XCConfigurationList;
			buildConfigurations = (
				DF1684D62B7900AE00C39455 /* Debug */,
				DF1684D72B7900AE00C39455 /* Release */,
			);
			defaultConfigurationIsVisible = 0;
			defaultConfigurationName = Release;
		};
/* End XCConfigurationList section */
	};
	rootObject = DF1684C62B7900AE00C39455 /* Project object */;
}
